
Microsoft Visual Studio Solution File, Format Version 12.00
# Visual Studio Version 17
VisualStudioVersion = 17.13.35825.156
MinimumVisualStudioVersion = 10.0.40219.1
Project("{FAE04EC0-301F-11D3-BF4B-00C04F79EFBC}") = "PR6_2", "PR6_2\PR6_2.csproj", "{5475D42F-4EAA-48DA-BFD9-084E46AA87F1}"
EndProject
Project("{FAE04EC0-301F-11D3-BF4B-00C04F79EFBC}") = "UnitTest", "UnitTest\UnitTest.csproj", "{D9307421-EB3F-41DD-9C16-07C8A7BD75B7}"
EndProject
Global
	GlobalSection(SolutionConfigurationPlatforms) = preSolution
		Debug|Any CPU = Debug|Any CPU
		Release|Any CPU = Release|Any CPU
	EndGlobalSection
	GlobalSection(ProjectConfigurationPlatforms) = postSolution
		{5475D42F-4EAA-48DA-BFD9-084E46AA87F1}.Debug|Any CPU.ActiveCfg = Debug|Any CPU
		{5475D42F-4EAA-48DA-BFD9-084E46AA87F1}.Debug|Any CPU.Build.0 = Debug|Any CPU
		{5475D42F-4EAA-48DA-BFD9-084E46AA87F1}.Release|Any CPU.ActiveCfg = Release|Any CPU
		{5475D42F-4EAA-48DA-BFD9-084E46AA87F1}.Release|Any CPU.Build.0 = Release|Any CPU
		{D9307421-EB3F-41DD-9C16-07C8A7BD75B7}.Debug|Any CPU.ActiveCfg = Debug|Any CPU
		{D9307421-EB3F-41DD-9C16-07C8A7BD75B7}.Debug|Any CPU.Build.0 = Debug|Any CPU
		{D9307421-EB3F-41DD-9C16-07C8A7BD75B7}.Release|Any CPU.ActiveCfg = Release|Any CPU
		{D9307421-EB3F-41DD-9C16-07C8A7BD75B7}.Release|Any CPU.Build.0 = Release|Any CPU
	EndGlobalSection
	GlobalSection(SolutionProperties) = preSolution
		HideSolutionNode = FALSE
	EndGlobalSection
	GlobalSection(ExtensibilityGlobals) = postSolution
		SolutionGuid = {9C9CC907-7E73-4031-9FD8-F5150A916D6C}
	EndGlobalSection
EndGlobal
